
Microsoft Visual Studio Solution File, Format Version 12.00
# Visual Studio Version 17
VisualStudioVersion = 17.1.32210.238
MinimumVisualStudioVersion = 10.0.40219.1
Project("{FAE04EC0-301F-11D3-BF4B-00C04F79EFBC}") = "HomeWork5", "HomeWork5.csproj", "{F5228E5C-C4A0-4489-9E40-13506BA29DCB}"
EndProject
Global
	GlobalSection(SolutionConfigurationPlatforms) = preSolution
		Debug|Any CPU = Debug|Any CPU
		Release|Any CPU = Release|Any CPU
	EndGlobalSection
	GlobalSection(ProjectConfigurationPlatforms) = postSolution
		{F5228E5C-C4A0-4489-9E40-13506BA29DCB}.Debug|Any CPU.ActiveCfg = Debug|Any CPU
		{F5228E5C-C4A0-4489-9E40-13506BA29DCB}.Debug|Any CPU.Build.0 = Debug|Any CPU
		{F5228E5C-C4A0-4489-9E40-13506BA29DCB}.Release|Any CPU.ActiveCfg = Release|Any CPU
		{F5228E5C-C4A0-4489-9E40-13506BA29DCB}.Release|Any CPU.Build.0 = Release|Any CPU
	EndGlobalSection
	GlobalSection(SolutionProperties) = preSolution
		HideSolutionNode = FALSE
	EndGlobalSection
	GlobalSection(ExtensibilityGlobals) = postSolution
		SolutionGuid = {D0206036-59B3-4F48-80E2-833E5FBA81C1}
	EndGlobalSection
EndGlobal
